
Microsoft Visual Studio Solution File, Format Version 12.00
# Visual Studio 15
VisualStudioVersion = 15.0.27130.2036
MinimumVisualStudioVersion = 10.0.40219.1
Project("{8BC9CEB8-8B4A-11D0-8D11-00A0C91BC942}") = "Red", "Red\Red.vcxproj", "{82F74171-90B8-4F97-B44A-F38222E7A923}"
EndProject
Project("{8BC9CEB8-8B4A-11D0-8D11-00A0C91BC942}") = "Test", "Test\Test.vcxproj", "{23018650-933B-45B1-AEC8-39A4D4835AEF}"
EndProject
Global
	GlobalSection(SolutionConfigurationPlatforms) = preSolution
		Debug|x64 = Debug|x64
		Debug|x86 = Debug|x86
		Release|x64 = Release|x64
		Release|x86 = Release|x86
	EndGlobalSection
	GlobalSection(ProjectConfigurationPlatforms) = postSolution
		{82F74171-90B8-4F97-B44A-F38222E7A923}.Debug|x64.ActiveCfg = Debug|x64
		{82F74171-90B8-4F97-B44A-F38222E7A923}.Debug|x64.Build.0 = Debug|x64
		{82F74171-90B8-4F97-B44A-F38222E7A923}.Debug|x86.ActiveCfg = Debug|Win32
		{82F74171-90B8-4F97-B44A-F38222E7A923}.Debug|x86.Build.0 = Debug|Win32
		{82F74171-90B8-4F97-B44A-F38222E7A923}.Release|x64.ActiveCfg = Release|x64
		{82F74171-90B8-4F97-B44A-F38222E7A923}.Release|x64.Build.0 = Release|x64
		{82F74171-90B8-4F97-B44A-F38222E7A923}.Release|x86.ActiveCfg = Release|Win32
		{82F74171-90B8-4F97-B44A-F38222E7A923}.Release|x86.Build.0 = Release|Win32
		{23018650-933B-45B1-AEC8-39A4D4835AEF}.Debug|x64.ActiveCfg = Debug|x64
		{23018650-933B-45B1-AEC8-39A4D4835AEF}.Debug|x64.Build.0 = Debug|x64
		{23018650-933B-45B1-AEC8-39A4D4835AEF}.Debug|x86.ActiveCfg = Debug|Win32
		{23018650-933B-45B1-AEC8-39A4D4835AEF}.Debug|x86.Build.0 = Debug|Win32
		{23018650-933B-45B1-AEC8-39A4D4835AEF}.Release|x64.ActiveCfg = Release|x64
		{23018650-933B-45B1-AEC8-39A4D4835AEF}.Release|x64.Build.0 = Release|x64
		{23018650-933B-45B1-AEC8-39A4D4835AEF}.Release|x86.ActiveCfg = Release|Win32
		{23018650-933B-45B1-AEC8-39A4D4835AEF}.Release|x86.Build.0 = Release|Win32
	EndGlobalSection
	GlobalSection(SolutionProperties) = preSolution
		HideSolutionNode = FALSE
	EndGlobalSection
	GlobalSection(ExtensibilityGlobals) = postSolution
		SolutionGuid = {8F1C0A65-D32F-4102-9063-E04B9FF9250C}
	EndGlobalSection
EndGlobal
